
Microsoft Visual Studio Solution File, Format Version 12.00
# Visual Studio Version 17
VisualStudioVersion = 17.7.34003.232
MinimumVisualStudioVersion = 10.0.40219.1
Project("{FAE04EC0-301F-11D3-BF4B-00C04F79EFBC}") = "ShopDB.Repositories", "ShopDB.Repositories\ShopDB.Repositories.csproj", "{18A12D3B-DBD3-431E-B2F0-2BC0C6C45571}"
EndProject
Project("{FAE04EC0-301F-11D3-BF4B-00C04F79EFBC}") = "ShopDB.Service", "ShopDB.Service\ShopDB.Service.csproj", "{8396118F-5B20-4060-B3D7-027C4F01DAC9}"
EndProject
Project("{FAE04EC0-301F-11D3-BF4B-00C04F79EFBC}") = "ShopDB.ShopAPI", "ShopDB.ShopAPI\ShopDB.ShopAPI.csproj", "{A1622451-017B-4ABF-BC8B-0AF1ABA46D50}"
EndProject
Global
	GlobalSection(SolutionConfigurationPlatforms) = preSolution
		Debug|Any CPU = Debug|Any CPU
		Release|Any CPU = Release|Any CPU
	EndGlobalSection
	GlobalSection(ProjectConfigurationPlatforms) = postSolution
		{18A12D3B-DBD3-431E-B2F0-2BC0C6C45571}.Debug|Any CPU.ActiveCfg = Debug|Any CPU
		{18A12D3B-DBD3-431E-B2F0-2BC0C6C45571}.Debug|Any CPU.Build.0 = Debug|Any CPU
		{18A12D3B-DBD3-431E-B2F0-2BC0C6C45571}.Release|Any CPU.ActiveCfg = Release|Any CPU
		{18A12D3B-DBD3-431E-B2F0-2BC0C6C45571}.Release|Any CPU.Build.0 = Release|Any CPU
		{8396118F-5B20-4060-B3D7-027C4F01DAC9}.Debug|Any CPU.ActiveCfg = Debug|Any CPU
		{8396118F-5B20-4060-B3D7-027C4F01DAC9}.Debug|Any CPU.Build.0 = Debug|Any CPU
		{8396118F-5B20-4060-B3D7-027C4F01DAC9}.Release|Any CPU.ActiveCfg = Release|Any CPU
		{8396118F-5B20-4060-B3D7-027C4F01DAC9}.Release|Any CPU.Build.0 = Release|Any CPU
		{A1622451-017B-4ABF-BC8B-0AF1ABA46D50}.Debug|Any CPU.ActiveCfg = Debug|Any CPU
		{A1622451-017B-4ABF-BC8B-0AF1ABA46D50}.Debug|Any CPU.Build.0 = Debug|Any CPU
		{A1622451-017B-4ABF-BC8B-0AF1ABA46D50}.Release|Any CPU.ActiveCfg = Release|Any CPU
		{A1622451-017B-4ABF-BC8B-0AF1ABA46D50}.Release|Any CPU.Build.0 = Release|Any CPU
	EndGlobalSection
	GlobalSection(SolutionProperties) = preSolution
		HideSolutionNode = FALSE
	EndGlobalSection
	GlobalSection(ExtensibilityGlobals) = postSolution
		SolutionGuid = {62DBBD72-7485-4CEF-A773-57E9CD85DBCF}
	EndGlobalSection
EndGlobal
